
Microsoft Visual Studio Solution File, Format Version 12.00
# Visual Studio Version 17
VisualStudioVersion = 17.8.34322.80
MinimumVisualStudioVersion = 10.0.40219.1
Project("{9A19103F-16F7-4668-BE54-9A1E7A4F7556}") = "EFConsulent.DataAccess", "EFConsulent.DataAccess\EFConsulent.DataAccess.csproj", "{05BC3BF1-3466-4A2A-BF05-FE703DE13850}"
EndProject
Project("{9A19103F-16F7-4668-BE54-9A1E7A4F7556}") = "EFConsulent.Domain", "EFConsulent.Domain\EFConsulent.Domain.csproj", "{2C0FFBB6-348F-4FEF-BA84-2D49C5D4A264}"
EndProject
Project("{FAE04EC0-301F-11D3-BF4B-00C04F79EFBC}") = "EFConsulent.App", "EFConsulent.App\EFConsulent.App.csproj", "{1F896CCB-2EEB-48AC-9707-FD5FA3C08118}"
EndProject
Global
	GlobalSection(SolutionConfigurationPlatforms) = preSolution
		Debug|Any CPU = Debug|Any CPU
		Release|Any CPU = Release|Any CPU
	EndGlobalSection
	GlobalSection(ProjectConfigurationPlatforms) = postSolution
		{05BC3BF1-3466-4A2A-BF05-FE703DE13850}.Debug|Any CPU.ActiveCfg = Debug|Any CPU
		{05BC3BF1-3466-4A2A-BF05-FE703DE13850}.Debug|Any CPU.Build.0 = Debug|Any CPU
		{05BC3BF1-3466-4A2A-BF05-FE703DE13850}.Release|Any CPU.ActiveCfg = Release|Any CPU
		{05BC3BF1-3466-4A2A-BF05-FE703DE13850}.Release|Any CPU.Build.0 = Release|Any CPU
		{2C0FFBB6-348F-4FEF-BA84-2D49C5D4A264}.Debug|Any CPU.ActiveCfg = Debug|Any CPU
		{2C0FFBB6-348F-4FEF-BA84-2D49C5D4A264}.Debug|Any CPU.Build.0 = Debug|Any CPU
		{2C0FFBB6-348F-4FEF-BA84-2D49C5D4A264}.Release|Any CPU.ActiveCfg = Release|Any CPU
		{2C0FFBB6-348F-4FEF-BA84-2D49C5D4A264}.Release|Any CPU.Build.0 = Release|Any CPU
		{1F896CCB-2EEB-48AC-9707-FD5FA3C08118}.Debug|Any CPU.ActiveCfg = Debug|Any CPU
		{1F896CCB-2EEB-48AC-9707-FD5FA3C08118}.Debug|Any CPU.Build.0 = Debug|Any CPU
		{1F896CCB-2EEB-48AC-9707-FD5FA3C08118}.Release|Any CPU.ActiveCfg = Release|Any CPU
		{1F896CCB-2EEB-48AC-9707-FD5FA3C08118}.Release|Any CPU.Build.0 = Release|Any CPU
	EndGlobalSection
	GlobalSection(SolutionProperties) = preSolution
		HideSolutionNode = FALSE
	EndGlobalSection
	GlobalSection(ExtensibilityGlobals) = postSolution
		SolutionGuid = {ABABBA5E-3632-4FEF-8810-3C8681C92079}
	EndGlobalSection
EndGlobal
